
Microsoft Visual Studio Solution File, Format Version 12.00
# Visual Studio Version 17
VisualStudioVersion = 17.0.31717.71
MinimumVisualStudioVersion = 10.0.40219.1
Project("{9A19103F-16F7-4668-BE54-9A1E7A4F7556}") = "ConvertOldOfficeFiles", "ConvertOldOfficeFiles\ConvertOldOfficeFiles.csproj", "{56C1158B-181C-4AFE-9D41-523DFE62C194}"
EndProject
Project("{9A19103F-16F7-4668-BE54-9A1E7A4F7556}") = "ConvertOldOfficeFiles.WinForm", "ConvertOldOfficeFiles.WinForm\ConvertOldOfficeFiles.WinForm.csproj", "{2D986CFF-4A07-46D3-9ED5-766FE08EBCC7}"
EndProject
Project("{FAE04EC0-301F-11D3-BF4B-00C04F79EFBC}") = "ConvertOldOfficeFiles.WPF", "ConvertOldOfficeFiles.WPF\ConvertOldOfficeFiles.WPF.csproj", "{C899486D-51FC-475E-B5AB-23D6A275878F}"
EndProject
Global
	GlobalSection(SolutionConfigurationPlatforms) = preSolution
		Debug|Any CPU = Debug|Any CPU
		Debug|arm64 = Debug|arm64
		Debug|x64 = Debug|x64
		Debug|x86 = Debug|x86
		Release|Any CPU = Release|Any CPU
		Release|arm64 = Release|arm64
		Release|x64 = Release|x64
		Release|x86 = Release|x86
	EndGlobalSection
	GlobalSection(ProjectConfigurationPlatforms) = postSolution
		{56C1158B-181C-4AFE-9D41-523DFE62C194}.Debug|Any CPU.ActiveCfg = Debug|Any CPU
		{56C1158B-181C-4AFE-9D41-523DFE62C194}.Debug|Any CPU.Build.0 = Debug|Any CPU
		{56C1158B-181C-4AFE-9D41-523DFE62C194}.Debug|arm64.ActiveCfg = Debug|Any CPU
		{56C1158B-181C-4AFE-9D41-523DFE62C194}.Debug|arm64.Build.0 = Debug|Any CPU
		{56C1158B-181C-4AFE-9D41-523DFE62C194}.Debug|x64.ActiveCfg = Debug|Any CPU
		{56C1158B-181C-4AFE-9D41-523DFE62C194}.Debug|x64.Build.0 = Debug|Any CPU
		{56C1158B-181C-4AFE-9D41-523DFE62C194}.Debug|x86.ActiveCfg = Debug|Any CPU
		{56C1158B-181C-4AFE-9D41-523DFE62C194}.Debug|x86.Build.0 = Debug|Any CPU
		{56C1158B-181C-4AFE-9D41-523DFE62C194}.Release|Any CPU.ActiveCfg = Release|Any CPU
		{56C1158B-181C-4AFE-9D41-523DFE62C194}.Release|Any CPU.Build.0 = Release|Any CPU
		{56C1158B-181C-4AFE-9D41-523DFE62C194}.Release|arm64.ActiveCfg = Release|Any CPU
		{56C1158B-181C-4AFE-9D41-523DFE62C194}.Release|arm64.Build.0 = Release|Any CPU
		{56C1158B-181C-4AFE-9D41-523DFE62C194}.Release|x64.ActiveCfg = Release|Any CPU
		{56C1158B-181C-4AFE-9D41-523DFE62C194}.Release|x64.Build.0 = Release|Any CPU
		{56C1158B-181C-4AFE-9D41-523DFE62C194}.Release|x86.ActiveCfg = Release|Any CPU
		{56C1158B-181C-4AFE-9D41-523DFE62C194}.Release|x86.Build.0 = Release|Any CPU
		{2D986CFF-4A07-46D3-9ED5-766FE08EBCC7}.Debug|Any CPU.ActiveCfg = Debug|Any CPU
		{2D986CFF-4A07-46D3-9ED5-766FE08EBCC7}.Debug|Any CPU.Build.0 = Debug|Any CPU
		{2D986CFF-4A07-46D3-9ED5-766FE08EBCC7}.Debug|arm64.ActiveCfg = Debug|Any CPU
		{2D986CFF-4A07-46D3-9ED5-766FE08EBCC7}.Debug|arm64.Build.0 = Debug|Any CPU
		{2D986CFF-4A07-46D3-9ED5-766FE08EBCC7}.Debug|x64.ActiveCfg = Debug|Any CPU
		{2D986CFF-4A07-46D3-9ED5-766FE08EBCC7}.Debug|x64.Build.0 = Debug|Any CPU
		{2D986CFF-4A07-46D3-9ED5-766FE08EBCC7}.Debug|x86.ActiveCfg = Debug|Any CPU
		{2D986CFF-4A07-46D3-9ED5-766FE08EBCC7}.Debug|x86.Build.0 = Debug|Any CPU
		{2D986CFF-4A07-46D3-9ED5-766FE08EBCC7}.Release|Any CPU.ActiveCfg = Release|Any CPU
		{2D986CFF-4A07-46D3-9ED5-766FE08EBCC7}.Release|Any CPU.Build.0 = Release|Any CPU
		{2D986CFF-4A07-46D3-9ED5-766FE08EBCC7}.Release|arm64.ActiveCfg = Release|Any CPU
		{2D986CFF-4A07-46D3-9ED5-766FE08EBCC7}.Release|arm64.Build.0 = Release|Any CPU
		{2D986CFF-4A07-46D3-9ED5-766FE08EBCC7}.Release|x64.ActiveCfg = Release|Any CPU
		{2D986CFF-4A07-46D3-9ED5-766FE08EBCC7}.Release|x64.Build.0 = Release|Any CPU
		{2D986CFF-4A07-46D3-9ED5-766FE08EBCC7}.Release|x86.ActiveCfg = Release|Any CPU
		{2D986CFF-4A07-46D3-9ED5-766FE08EBCC7}.Release|x86.Build.0 = Release|Any CPU
		{C899486D-51FC-475E-B5AB-23D6A275878F}.Debug|Any CPU.ActiveCfg = Debug|Any CPU
		{C899486D-51FC-475E-B5AB-23D6A275878F}.Debug|Any CPU.Build.0 = Debug|Any CPU
		{C899486D-51FC-475E-B5AB-23D6A275878F}.Debug|arm64.ActiveCfg = Debug|Any CPU
		{C899486D-51FC-475E-B5AB-23D6A275878F}.Debug|arm64.Build.0 = Debug|Any CPU
		{C899486D-51FC-475E-B5AB-23D6A275878F}.Debug|x64.ActiveCfg = Debug|Any CPU
		{C899486D-51FC-475E-B5AB-23D6A275878F}.Debug|x64.Build.0 = Debug|Any CPU
		{C899486D-51FC-475E-B5AB-23D6A275878F}.Debug|x86.ActiveCfg = Debug|Any CPU
		{C899486D-51FC-475E-B5AB-23D6A275878F}.Debug|x86.Build.0 = Debug|Any CPU
		{C899486D-51FC-475E-B5AB-23D6A275878F}.Release|Any CPU.ActiveCfg = Release|Any CPU
		{C899486D-51FC-475E-B5AB-23D6A275878F}.Release|Any CPU.Build.0 = Release|Any CPU
		{C899486D-51FC-475E-B5AB-23D6A275878F}.Release|arm64.ActiveCfg = Release|Any CPU
		{C899486D-51FC-475E-B5AB-23D6A275878F}.Release|arm64.Build.0 = Release|Any CPU
		{C899486D-51FC-475E-B5AB-23D6A275878F}.Release|x64.ActiveCfg = Release|Any CPU
		{C899486D-51FC-475E-B5AB-23D6A275878F}.Release|x64.Build.0 = Release|Any CPU
		{C899486D-51FC-475E-B5AB-23D6A275878F}.Release|x86.ActiveCfg = Release|Any CPU
		{C899486D-51FC-475E-B5AB-23D6A275878F}.Release|x86.Build.0 = Release|Any CPU
	EndGlobalSection
	GlobalSection(SolutionProperties) = preSolution
		HideSolutionNode = FALSE
	EndGlobalSection
	GlobalSection(ExtensibilityGlobals) = postSolution
		SolutionGuid = {9B1C4126-245F-40AB-BF55-8E79A114A792}
	EndGlobalSection
EndGlobal
