
Microsoft Visual Studio Solution File, Format Version 12.00
# Visual Studio Version 16
VisualStudioVersion = 16.0.31702.278
MinimumVisualStudioVersion = 10.0.40219.1
Project("{9A19103F-16F7-4668-BE54-9A1E7A4F7556}") = "ConvertOldOfficeFiles", "ConvertOldOfficeFiles\ConvertOldOfficeFiles.csproj", "{56C1158B-181C-4AFE-9D41-523DFE62C194}"
EndProject
Project("{9A19103F-16F7-4668-BE54-9A1E7A4F7556}") = "ConvertOldOfficeFiles.WinForm", "ConvertOldOfficeFiles.WinForm\ConvertOldOfficeFiles.WinForm.csproj", "{2D986CFF-4A07-46D3-9ED5-766FE08EBCC7}"
EndProject
Global
	GlobalSection(SolutionConfigurationPlatforms) = preSolution
		Debug|Any CPU = Debug|Any CPU
		Release|Any CPU = Release|Any CPU
	EndGlobalSection
	GlobalSection(ProjectConfigurationPlatforms) = postSolution
		{56C1158B-181C-4AFE-9D41-523DFE62C194}.Debug|Any CPU.ActiveCfg = Debug|Any CPU
		{56C1158B-181C-4AFE-9D41-523DFE62C194}.Debug|Any CPU.Build.0 = Debug|Any CPU
		{56C1158B-181C-4AFE-9D41-523DFE62C194}.Release|Any CPU.ActiveCfg = Release|Any CPU
		{56C1158B-181C-4AFE-9D41-523DFE62C194}.Release|Any CPU.Build.0 = Release|Any CPU
		{2D986CFF-4A07-46D3-9ED5-766FE08EBCC7}.Debug|Any CPU.ActiveCfg = Debug|Any CPU
		{2D986CFF-4A07-46D3-9ED5-766FE08EBCC7}.Debug|Any CPU.Build.0 = Debug|Any CPU
		{2D986CFF-4A07-46D3-9ED5-766FE08EBCC7}.Release|Any CPU.ActiveCfg = Release|Any CPU
		{2D986CFF-4A07-46D3-9ED5-766FE08EBCC7}.Release|Any CPU.Build.0 = Release|Any CPU
	EndGlobalSection
	GlobalSection(SolutionProperties) = preSolution
		HideSolutionNode = FALSE
	EndGlobalSection
	GlobalSection(ExtensibilityGlobals) = postSolution
		SolutionGuid = {9B1C4126-245F-40AB-BF55-8E79A114A792}
	EndGlobalSection
EndGlobal
